// !$*UTF8*$!
{
	archiveVersion = 1;
	classes = {
	};
	objectVersion = 56;
	objects = {

/* Begin PBXBuildFile section */
		555A4E36295BCDA600206734 /* AppDelegate.swift in Sources */ = {isa = PBXBuildFile; fileRef = 555A4E35295BCDA600206734 /* AppDelegate.swift */; };
		555A4E38295BCDA600206734 /* SceneDelegate.swift in Sources */ = {isa = PBXBuildFile; fileRef = 555A4E37295BCDA600206734 /* SceneDelegate.swift */; };
		555A4E3D295BCDA600206734 /* Main.storyboard in Resources */ = {isa = PBXBuildFile; fileRef = 555A4E3B295BCDA600206734 /* Main.storyboard */; };
		555A4E3F295BCDA800206734 /* Assets.xcassets in Resources */ = {isa = PBXBuildFile; fileRef = 555A4E3E295BCDA800206734 /* Assets.xcassets */; };
		555A4E42295BCDA800206734 /* LaunchScreen.storyboard in Resources */ = {isa = PBXBuildFile; fileRef = 555A4E40295BCDA800206734 /* LaunchScreen.storyboard */; };
		555A4E57295BCDA800206734 /* CardWorkoutUITests.swift in Sources */ = {isa = PBXBuildFile; fileRef = 555A4E56295BCDA800206734 /* CardWorkoutUITests.swift */; };
		555A4E59295BCDA800206734 /* CardWorkoutUITestsLaunchTests.swift in Sources */ = {isa = PBXBuildFile; fileRef = 555A4E58295BCDA800206734 /* CardWorkoutUITestsLaunchTests.swift */; };
		555A4E66295BCF8800206734 /* CardSelectionViewController.swift in Sources */ = {isa = PBXBuildFile; fileRef = 555A4E65295BCF8800206734 /* CardSelectionViewController.swift */; };
		555A4E682960CD3000206734 /* Deck.swift in Sources */ = {isa = PBXBuildFile; fileRef = 555A4E672960CD3000206734 /* Deck.swift */; };
		555A4E6A296299E000206734 /* Card.swift in Sources */ = {isa = PBXBuildFile; fileRef = 555A4E69296299E000206734 /* Card.swift */; };
		555A4E6C29629D8B00206734 /* Suit.swift in Sources */ = {isa = PBXBuildFile; fileRef = 555A4E6B29629D8B00206734 /* Suit.swift */; };
		555A4E6F29633D3F00206734 /* Workout.swift in Sources */ = {isa = PBXBuildFile; fileRef = 555A4E6E29633D3F00206734 /* Workout.swift */; };
		555A4E71296A17DF00206734 /* WorkoutTest.swift in Sources */ = {isa = PBXBuildFile; fileRef = 555A4E70296A17DF00206734 /* WorkoutTest.swift */; };
/* End PBXBuildFile section */

/* Begin PBXContainerItemProxy section */
		555A4E49295BCDA800206734 /* PBXContainerItemProxy */ = {
			isa = PBXContainerItemProxy;
			containerPortal = 555A4E2A295BCDA600206734 /* Project object */;
			proxyType = 1;
			remoteGlobalIDString = 555A4E31295BCDA600206734;
			remoteInfo = CardWorkout;
		};
		555A4E53295BCDA800206734 /* PBXContainerItemProxy */ = {
			isa = PBXContainerItemProxy;
			containerPortal = 555A4E2A295BCDA600206734 /* Project object */;
			proxyType = 1;
			remoteGlobalIDString = 555A4E31295BCDA600206734;
			remoteInfo = CardWorkout;
		};
/* End PBXContainerItemProxy section */

/* Begin PBXFileReference section */
		555A4E32295BCDA600206734 /* CardWorkout.app */ = {isa = PBXFileReference; explicitFileType = wrapper.application; includeInIndex = 0; path = CardWorkout.app; sourceTree = BUILT_PRODUCTS_DIR; };
		555A4E35295BCDA600206734 /* AppDelegate.swift */ = {isa = PBXFileReference; lastKnownFileType = sourcecode.swift; path = AppDelegate.swift; sourceTree = "<group>"; };
		555A4E37295BCDA600206734 /* SceneDelegate.swift */ = {isa = PBXFileReference; lastKnownFileType = sourcecode.swift; path = SceneDelegate.swift; sourceTree = "<group>"; };
		555A4E3C295BCDA600206734 /* Base */ = {isa = PBXFileReference; lastKnownFileType = file.storyboard; name = Base; path = Base.lproj/Main.storyboard; sourceTree = "<group>"; };
		555A4E3E295BCDA800206734 /* Assets.xcassets */ = {isa = PBXFileReference; lastKnownFileType = folder.assetcatalog; path = Assets.xcassets; sourceTree = "<group>"; };
		555A4E41295BCDA800206734 /* Base */ = {isa = PBXFileReference; lastKnownFileType = file.storyboard; name = Base; path = Base.lproj/LaunchScreen.storyboard; sourceTree = "<group>"; };
		555A4E43295BCDA800206734 /* Info.plist */ = {isa = PBXFileReference; lastKnownFileType = text.plist.xml; path = Info.plist; sourceTree = "<group>"; };
		555A4E48295BCDA800206734 /* CardWorkoutTests.xctest */ = {isa = PBXFileReference; explicitFileType = wrapper.cfbundle; includeInIndex = 0; path = CardWorkoutTests.xctest; sourceTree = BUILT_PRODUCTS_DIR; };
		555A4E52295BCDA800206734 /* CardWorkoutUITests.xctest */ = {isa = PBXFileReference; explicitFileType = wrapper.cfbundle; includeInIndex = 0; path = CardWorkoutUITests.xctest; sourceTree = BUILT_PRODUCTS_DIR; };
		555A4E56295BCDA800206734 /* CardWorkoutUITests.swift */ = {isa = PBXFileReference; lastKnownFileType = sourcecode.swift; path = CardWorkoutUITests.swift; sourceTree = "<group>"; };
		555A4E58295BCDA800206734 /* CardWorkoutUITestsLaunchTests.swift */ = {isa = PBXFileReference; lastKnownFileType = sourcecode.swift; path = CardWorkoutUITestsLaunchTests.swift; sourceTree = "<group>"; };
		555A4E65295BCF8800206734 /* CardSelectionViewController.swift */ = {isa = PBXFileReference; lastKnownFileType = sourcecode.swift; path = CardSelectionViewController.swift; sourceTree = "<group>"; };
		555A4E672960CD3000206734 /* Deck.swift */ = {isa = PBXFileReference; lastKnownFileType = sourcecode.swift; path = Deck.swift; sourceTree = "<group>"; };
		555A4E69296299E000206734 /* Card.swift */ = {isa = PBXFileReference; lastKnownFileType = sourcecode.swift; path = Card.swift; sourceTree = "<group>"; };
		555A4E6B29629D8B00206734 /* Suit.swift */ = {isa = PBXFileReference; lastKnownFileType = sourcecode.swift; path = Suit.swift; sourceTree = "<group>"; };
		555A4E6E29633D3F00206734 /* Workout.swift */ = {isa = PBXFileReference; lastKnownFileType = sourcecode.swift; path = Workout.swift; sourceTree = "<group>"; };
		555A4E70296A17DF00206734 /* WorkoutTest.swift */ = {isa = PBXFileReference; lastKnownFileType = sourcecode.swift; path = WorkoutTest.swift; sourceTree = "<group>"; };
/* End PBXFileReference section */

/* Begin PBXFrameworksBuildPhase section */
		555A4E2F295BCDA600206734 /* Frameworks */ = {
			isa = PBXFrameworksBuildPhase;
			buildActionMask = 2147483647;
			files = (
			);
			runOnlyForDeploymentPostprocessing = 0;
		};
		555A4E45295BCDA800206734 /* Frameworks */ = {
			isa = PBXFrameworksBuildPhase;
			buildActionMask = 2147483647;
			files = (
			);
			runOnlyForDeploymentPostprocessing = 0;
		};
		555A4E4F295BCDA800206734 /* Frameworks */ = {
			isa = PBXFrameworksBuildPhase;
			buildActionMask = 2147483647;
			files = (
			);
			runOnlyForDeploymentPostprocessing = 0;
		};
/* End PBXFrameworksBuildPhase section */

/* Begin PBXGroup section */
		555A4E29295BCDA600206734 = {
			isa = PBXGroup;
			children = (
				555A4E34295BCDA600206734 /* CardWorkout */,
				555A4E4B295BCDA800206734 /* CardWorkoutTests */,
				555A4E55295BCDA800206734 /* CardWorkoutUITests */,
				555A4E33295BCDA600206734 /* Products */,
			);
			sourceTree = "<group>";
		};
		555A4E33295BCDA600206734 /* Products */ = {
			isa = PBXGroup;
			children = (
				555A4E32295BCDA600206734 /* CardWorkout.app */,
				555A4E48295BCDA800206734 /* CardWorkoutTests.xctest */,
				555A4E52295BCDA800206734 /* CardWorkoutUITests.xctest */,
			);
			name = Products;
			sourceTree = "<group>";
		};
		555A4E34295BCDA600206734 /* CardWorkout */ = {
			isa = PBXGroup;
			children = (
				555A4E6D2962A4F300206734 /* Models */,
				555A4E35295BCDA600206734 /* AppDelegate.swift */,
				555A4E37295BCDA600206734 /* SceneDelegate.swift */,
				555A4E65295BCF8800206734 /* CardSelectionViewController.swift */,
				555A4E3B295BCDA600206734 /* Main.storyboard */,
				555A4E3E295BCDA800206734 /* Assets.xcassets */,
				555A4E40295BCDA800206734 /* LaunchScreen.storyboard */,
				555A4E43295BCDA800206734 /* Info.plist */,
			);
			path = CardWorkout;
			sourceTree = "<group>";
		};
		555A4E4B295BCDA800206734 /* CardWorkoutTests */ = {
			isa = PBXGroup;
			children = (
				555A4E70296A17DF00206734 /* WorkoutTest.swift */,
			);
			path = CardWorkoutTests;
			sourceTree = "<group>";
		};
		555A4E55295BCDA800206734 /* CardWorkoutUITests */ = {
			isa = PBXGroup;
			children = (
				555A4E56295BCDA800206734 /* CardWorkoutUITests.swift */,
				555A4E58295BCDA800206734 /* CardWorkoutUITestsLaunchTests.swift */,
			);
			path = CardWorkoutUITests;
			sourceTree = "<group>";
		};
		555A4E6D2962A4F300206734 /* Models */ = {
			isa = PBXGroup;
			children = (
				555A4E672960CD3000206734 /* Deck.swift */,
				555A4E69296299E000206734 /* Card.swift */,
				555A4E6B29629D8B00206734 /* Suit.swift */,
				555A4E6E29633D3F00206734 /* Workout.swift */,
			);
			path = Models;
			sourceTree = "<group>";
		};
/* End PBXGroup section */

/* Begin PBXNativeTarget section */
		555A4E31295BCDA600206734 /* CardWorkout */ = {
			isa = PBXNativeTarget;
			buildConfigurationList = 555A4E5C295BCDA800206734 /* Build configuration list for PBXNativeTarget "CardWorkout" */;
			buildPhases = (
				555A4E2E295BCDA600206734 /* Sources */,
				555A4E2F295BCDA600206734 /* Frameworks */,
				555A4E30295BCDA600206734 /* Resources */,
			);
			buildRules = (
			);
			dependencies = (
			);
			name = CardWorkout;
			productName = CardWorkout;
			productReference = 555A4E32295BCDA600206734 /* CardWorkout.app */;
			productType = "com.apple.product-type.application";
		};
		555A4E47295BCDA800206734 /* CardWorkoutTests */ = {
			isa = PBXNativeTarget;
			buildConfigurationList = 555A4E5F295BCDA800206734 /* Build configuration list for PBXNativeTarget "CardWorkoutTests" */;
			buildPhases = (
				555A4E44295BCDA800206734 /* Sources */,
				555A4E45295BCDA800206734 /* Frameworks */,
				555A4E46295BCDA800206734 /* Resources */,
			);
			buildRules = (
			);
			dependencies = (
				555A4E4A295BCDA800206734 /* PBXTargetDependency */,
			);
			name = CardWorkoutTests;
			productName = CardWorkoutTests;
			productReference = 555A4E48295BCDA800206734 /* CardWorkoutTests.xctest */;
			productType = "com.apple.product-type.bundle.unit-test";
		};
		555A4E51295BCDA800206734 /* CardWorkoutUITests */ = {
			isa = PBXNativeTarget;
			buildConfigurationList = 555A4E62295BCDA800206734 /* Build configuration list for PBXNativeTarget "CardWorkoutUITests" */;
			buildPhases = (
				555A4E4E295BCDA800206734 /* Sources */,
				555A4E4F295BCDA800206734 /* Frameworks */,
				555A4E50295BCDA800206734 /* Resources */,
			);
			buildRules = (
			);
			dependencies = (
				555A4E54295BCDA800206734 /* PBXTargetDependency */,
			);
			name = CardWorkoutUITests;
			productName = CardWorkoutUITests;
			productReference = 555A4E52295BCDA800206734 /* CardWorkoutUITests.xctest */;
			productType = "com.apple.product-type.bundle.ui-testing";
		};
/* End PBXNativeTarget section */

/* Begin PBXProject section */
		555A4E2A295BCDA600206734 /* Project object */ = {
			isa = PBXProject;
			attributes = {
				BuildIndependentTargetsInParallel = 1;
				LastSwiftUpdateCheck = 1420;
				LastUpgradeCheck = 1420;
				TargetAttributes = {
					555A4E31295BCDA600206734 = {
						CreatedOnToolsVersion = 14.2;
					};
					555A4E47295BCDA800206734 = {
						CreatedOnToolsVersion = 14.2;
						TestTargetID = 555A4E31295BCDA600206734;
					};
					555A4E51295BCDA800206734 = {
						CreatedOnToolsVersion = 14.2;
						TestTargetID = 555A4E31295BCDA600206734;
					};
				};
			};
			buildConfigurationList = 555A4E2D295BCDA600206734 /* Build configuration list for PBXProject "CardWorkout" */;
			compatibilityVersion = "Xcode 14.0";
			developmentRegion = en;
			hasScannedForEncodings = 0;
			knownRegions = (
				en,
				Base,
			);
			mainGroup = 555A4E29295BCDA600206734;
			productRefGroup = 555A4E33295BCDA600206734 /* Products */;
			projectDirPath = "";
			projectRoot = "";
			targets = (
				555A4E31295BCDA600206734 /* CardWorkout */,
				555A4E47295BCDA800206734 /* CardWorkoutTests */,
				555A4E51295BCDA800206734 /* CardWorkoutUITests */,
			);
		};
/* End PBXProject section */

/* Begin PBXResourcesBuildPhase section */
		555A4E30295BCDA600206734 /* Resources */ = {
			isa = PBXResourcesBuildPhase;
			buildActionMask = 2147483647;
			files = (
				555A4E42295BCDA800206734 /* LaunchScreen.storyboard in Resources */,
				555A4E3F295BCDA800206734 /* Assets.xcassets in Resources */,
				555A4E3D295BCDA600206734 /* Main.storyboard in Resources */,
			);
			runOnlyForDeploymentPostprocessing = 0;
		};
		555A4E46295BCDA800206734 /* Resources */ = {
			isa = PBXResourcesBuildPhase;
			buildActionMask = 2147483647;
			files = (
			);
			runOnlyForDeploymentPostprocessing = 0;
		};
		555A4E50295BCDA800206734 /* Resources */ = {
			isa = PBXResourcesBuildPhase;
			buildActionMask = 2147483647;
			files = (
			);
			runOnlyForDeploymentPostprocessing = 0;
		};
/* End PBXResourcesBuildPhase section */

/* Begin PBXSourcesBuildPhase section */
		555A4E2E295BCDA600206734 /* Sources */ = {
			isa = PBXSourcesBuildPhase;
			buildActionMask = 2147483647;
			files = (
				555A4E6C29629D8B00206734 /* Suit.swift in Sources */,
				555A4E682960CD3000206734 /* Deck.swift in Sources */,
				555A4E6F29633D3F00206734 /* Workout.swift in Sources */,
				555A4E36295BCDA600206734 /* AppDelegate.swift in Sources */,
				555A4E6A296299E000206734 /* Card.swift in Sources */,
				555A4E38295BCDA600206734 /* SceneDelegate.swift in Sources */,
				555A4E66295BCF8800206734 /* CardSelectionViewController.swift in Sources */,
			);
			runOnlyForDeploymentPostprocessing = 0;
		};
		555A4E44295BCDA800206734 /* Sources */ = {
			isa = PBXSourcesBuildPhase;
			buildActionMask = 2147483647;
			files = (
				555A4E71296A17DF00206734 /* WorkoutTest.swift in Sources */,
			);
			runOnlyForDeploymentPostprocessing = 0;
		};
		555A4E4E295BCDA800206734 /* Sources */ = {
			isa = PBXSourcesBuildPhase;
			buildActionMask = 2147483647;
			files = (
				555A4E59295BCDA800206734 /* CardWorkoutUITestsLaunchTests.swift in Sources */,
				555A4E57295BCDA800206734 /* CardWorkoutUITests.swift in Sources */,
			);
			runOnlyForDeploymentPostprocessing = 0;
		};
/* End PBXSourcesBuildPhase section */

/* Begin PBXTargetDependency section */
		555A4E4A295BCDA800206734 /* PBXTargetDependency */ = {
			isa = PBXTargetDependency;
			target = 555A4E31295BCDA600206734 /* CardWorkout */;
			targetProxy = 555A4E49295BCDA800206734 /* PBXContainerItemProxy */;
		};
		555A4E54295BCDA800206734 /* PBXTargetDependency */ = {
			isa = PBXTargetDependency;
			target = 555A4E31295BCDA600206734 /* CardWorkout */;
			targetProxy = 555A4E53295BCDA800206734 /* PBXContainerItemProxy */;
		};
/* End PBXTargetDependency section */

/* Begin PBXVariantGroup section */
		555A4E3B295BCDA600206734 /* Main.storyboard */ = {
			isa = PBXVariantGroup;
			children = (
				555A4E3C295BCDA600206734 /* Base */,
			);
			name = Main.storyboard;
			sourceTree = "<group>";
		};
		555A4E40295BCDA800206734 /* LaunchScreen.storyboard */ = {
			isa = PBXVariantGroup;
			children = (
				555A4E41295BCDA800206734 /* Base */,
			);
			name = LaunchScreen.storyboard;
			sourceTree = "<group>";
		};
/* End PBXVariantGroup section */

/* Begin XCBuildConfiguration section */
		555A4E5A295BCDA800206734 /* Debug */ = {
			isa = XCBuildConfiguration;
			buildSettings = {
				ALWAYS_SEARCH_USER_PATHS = NO;
				CLANG_ANALYZER_NONNULL = YES;
				CLANG_ANALYZER_NUMBER_OBJECT_CONVERSION = YES_AGGRESSIVE;
				CLANG_CXX_LANGUAGE_STANDARD = "gnu++20";
				CLANG_ENABLE_MODULES = YES;
				CLANG_ENABLE_OBJC_ARC = YES;
				CLANG_ENABLE_OBJC_WEAK = YES;
				CLANG_WARN_BLOCK_CAPTURE_AUTORELEASING = YES;
				CLANG_WARN_BOOL_CONVERSION = YES;
				CLANG_WARN_COMMA = YES;
				CLANG_WARN_CONSTANT_CONVERSION = YES;
				CLANG_WARN_DEPRECATED_OBJC_IMPLEMENTATIONS = YES;
				CLANG_WARN_DIRECT_OBJC_ISA_USAGE = YES_ERROR;
				CLANG_WARN_DOCUMENTATION_COMMENTS = YES;
				CLANG_WARN_EMPTY_BODY = YES;
				CLANG_WARN_ENUM_CONVERSION = YES;
				CLANG_WARN_INFINITE_RECURSION = YES;
				CLANG_WARN_INT_CONVERSION = YES;
				CLANG_WARN_NON_LITERAL_NULL_CONVERSION = YES;
				CLANG_WARN_OBJC_IMPLICIT_RETAIN_SELF = YES;
				CLANG_WARN_OBJC_LITERAL_CONVERSION = YES;
				CLANG_WARN_OBJC_ROOT_CLASS = YES_ERROR;
				CLANG_WARN_QUOTED_INCLUDE_IN_FRAMEWORK_HEADER = YES;
				CLANG_WARN_RANGE_LOOP_ANALYSIS = YES;
				CLANG_WARN_STRICT_PROTOTYPES = YES;
				CLANG_WARN_SUSPICIOUS_MOVE = YES;
				CLANG_WARN_UNGUARDED_AVAILABILITY = YES_AGGRESSIVE;
				CLANG_WARN_UNREACHABLE_CODE = YES;
				CLANG_WARN__DUPLICATE_METHOD_MATCH = YES;
				COPY_PHASE_STRIP = NO;
				DEBUG_INFORMATION_FORMAT = dwarf;
				ENABLE_STRICT_OBJC_MSGSEND = YES;
				ENABLE_TESTABILITY = YES;
				GCC_C_LANGUAGE_STANDARD = gnu11;
				GCC_DYNAMIC_NO_PIC = NO;
				GCC_NO_COMMON_BLOCKS = YES;
				GCC_OPTIMIZATION_LEVEL = 0;
				GCC_PREPROCESSOR_DEFINITIONS = (
					"DEBUG=1",
					"$(inherited)",
				);
				GCC_WARN_64_TO_32_BIT_CONVERSION = YES;
				GCC_WARN_ABOUT_RETURN_TYPE = YES_ERROR;
				GCC_WARN_UNDECLARED_SELECTOR = YES;
				GCC_WARN_UNINITIALIZED_AUTOS = YES_AGGRESSIVE;
				GCC_WARN_UNUSED_FUNCTION = YES;
				GCC_WARN_UNUSED_VARIABLE = YES;
				IPHONEOS_DEPLOYMENT_TARGET = 16.2;
				MTL_ENABLE_DEBUG_INFO = INCLUDE_SOURCE;
				MTL_FAST_MATH = YES;
				ONLY_ACTIVE_ARCH = YES;
				SDKROOT = iphoneos;
				SWIFT_ACTIVE_COMPILATION_CONDITIONS = DEBUG;
				SWIFT_OPTIMIZATION_LEVEL = "-Onone";
			};
			name = Debug;
		};
		555A4E5B295BCDA800206734 /* Release */ = {
			isa = XCBuildConfiguration;
			buildSettings = {
				ALWAYS_SEARCH_USER_PATHS = NO;
				CLANG_ANALYZER_NONNULL = YES;
				CLANG_ANALYZER_NUMBER_OBJECT_CONVERSION = YES_AGGRESSIVE;
				CLANG_CXX_LANGUAGE_STANDARD = "gnu++20";
				CLANG_ENABLE_MODULES = YES;
				CLANG_ENABLE_OBJC_ARC = YES;
				CLANG_ENABLE_OBJC_WEAK = YES;
				CLANG_WARN_BLOCK_CAPTURE_AUTORELEASING = YES;
				CLANG_WARN_BOOL_CONVERSION = YES;
				CLANG_WARN_COMMA = YES;
				CLANG_WARN_CONSTANT_CONVERSION = YES;
				CLANG_WARN_DEPRECATED_OBJC_IMPLEMENTATIONS = YES;
				CLANG_WARN_DIRECT_OBJC_ISA_USAGE = YES_ERROR;
				CLANG_WARN_DOCUMENTATION_COMMENTS = YES;
				CLANG_WARN_EMPTY_BODY = YES;
				CLANG_WARN_ENUM_CONVERSION = YES;
				CLANG_WARN_INFINITE_RECURSION = YES;
				CLANG_WARN_INT_CONVERSION = YES;
				CLANG_WARN_NON_LITERAL_NULL_CONVERSION = YES;
				CLANG_WARN_OBJC_IMPLICIT_RETAIN_SELF = YES;
				CLANG_WARN_OBJC_LITERAL_CONVERSION = YES;
				CLANG_WARN_OBJC_ROOT_CLASS = YES_ERROR;
				CLANG_WARN_QUOTED_INCLUDE_IN_FRAMEWORK_HEADER = YES;
				CLANG_WARN_RANGE_LOOP_ANALYSIS = YES;
				CLANG_WARN_STRICT_PROTOTYPES = YES;
				CLANG_WARN_SUSPICIOUS_MOVE = YES;
				CLANG_WARN_UNGUARDED_AVAILABILITY = YES_AGGRESSIVE;
				CLANG_WARN_UNREACHABLE_CODE = YES;
				CLANG_WARN__DUPLICATE_METHOD_MATCH = YES;
				COPY_PHASE_STRIP = NO;
				DEBUG_INFORMATION_FORMAT = "dwarf-with-dsym";
				ENABLE_NS_ASSERTIONS = NO;
				ENABLE_STRICT_OBJC_MSGSEND = YES;
				GCC_C_LANGUAGE_STANDARD = gnu11;
				GCC_NO_COMMON_BLOCKS = YES;
				GCC_WARN_64_TO_32_BIT_CONVERSION = YES;
				GCC_WARN_ABOUT_RETURN_TYPE = YES_ERROR;
				GCC_WARN_UNDECLARED_SELECTOR = YES;
				GCC_WARN_UNINITIALIZED_AUTOS = YES_AGGRESSIVE;
				GCC_WARN_UNUSED_FUNCTION = YES;
				GCC_WARN_UNUSED_VARIABLE = YES;
				IPHONEOS_DEPLOYMENT_TARGET = 16.2;
				MTL_ENABLE_DEBUG_INFO = NO;
				MTL_FAST_MATH = YES;
				SDKROOT = iphoneos;
				SWIFT_COMPILATION_MODE = wholemodule;
				SWIFT_OPTIMIZATION_LEVEL = "-O";
				VALIDATE_PRODUCT = YES;
			};
			name = Release;
		};
		555A4E5D295BCDA800206734 /* Debug */ = {
			isa = XCBuildConfiguration;
			buildSettings = {
				ASSETCATALOG_COMPILER_APPICON_NAME = AppIcon;
				ASSETCATALOG_COMPILER_GLOBAL_ACCENT_COLOR_NAME = AccentColor;
				CODE_SIGN_STYLE = Automatic;
				CURRENT_PROJECT_VERSION = 1;
				DEVELOPMENT_TEAM = P7FYQ2HW53;
				GENERATE_INFOPLIST_FILE = YES;
				INFOPLIST_FILE = CardWorkout/Info.plist;
				INFOPLIST_KEY_UIApplicationSupportsIndirectInputEvents = YES;
				INFOPLIST_KEY_UILaunchStoryboardName = LaunchScreen;
				INFOPLIST_KEY_UIMainStoryboardFile = Main;
				INFOPLIST_KEY_UISupportedInterfaceOrientations_iPad = "UIInterfaceOrientationPortrait UIInterfaceOrientationPortraitUpsideDown UIInterfaceOrientationLandscapeLeft UIInterfaceOrientationLandscapeRight";
				INFOPLIST_KEY_UISupportedInterfaceOrientations_iPhone = "UIInterfaceOrientationPortrait UIInterfaceOrientationLandscapeLeft UIInterfaceOrientationLandscapeRight";
				IPHONEOS_DEPLOYMENT_TARGET = 16.0;
				LD_RUNPATH_SEARCH_PATHS = (
					"$(inherited)",
					"@executable_path/Frameworks",
				);
				MARKETING_VERSION = 1.0;
				PRODUCT_BUNDLE_IDENTIFIER = com.Richard.CardWorkout;
				PRODUCT_NAME = "$(TARGET_NAME)";
				SWIFT_EMIT_LOC_STRINGS = YES;
				SWIFT_VERSION = 5.0;
				TARGETED_DEVICE_FAMILY = "1,2";
			};
			name = Debug;
		};
		555A4E5E295BCDA800206734 /* Release */ = {
			isa = XCBuildConfiguration;
			buildSettings = {
				ASSETCATALOG_COMPILER_APPICON_NAME = AppIcon;
				ASSETCATALOG_COMPILER_GLOBAL_ACCENT_COLOR_NAME = AccentColor;
				CODE_SIGN_STYLE = Automatic;
				CURRENT_PROJECT_VERSION = 1;
				DEVELOPMENT_TEAM = P7FYQ2HW53;
				GENERATE_INFOPLIST_FILE = YES;
				INFOPLIST_FILE = CardWorkout/Info.plist;
				INFOPLIST_KEY_UIApplicationSupportsIndirectInputEvents = YES;
				INFOPLIST_KEY_UILaunchStoryboardName = LaunchScreen;
				INFOPLIST_KEY_UIMainStoryboardFile = Main;
				INFOPLIST_KEY_UISupportedInterfaceOrientations_iPad = "UIInterfaceOrientationPortrait UIInterfaceOrientationPortraitUpsideDown UIInterfaceOrientationLandscapeLeft UIInterfaceOrientationLandscapeRight";
				INFOPLIST_KEY_UISupportedInterfaceOrientations_iPhone = "UIInterfaceOrientationPortrait UIInterfaceOrientationLandscapeLeft UIInterfaceOrientationLandscapeRight";
				IPHONEOS_DEPLOYMENT_TARGET = 16.0;
				LD_RUNPATH_SEARCH_PATHS = (
					"$(inherited)",
					"@executable_path/Frameworks",
				);
				MARKETING_VERSION = 1.0;
				PRODUCT_BUNDLE_IDENTIFIER = com.Richard.CardWorkout;
				PRODUCT_NAME = "$(TARGET_NAME)";
				SWIFT_EMIT_LOC_STRINGS = YES;
				SWIFT_VERSION = 5.0;
				TARGETED_DEVICE_FAMILY = "1,2";
			};
			name = Release;
		};
		555A4E60295BCDA800206734 /* Debug */ = {
			isa = XCBuildConfiguration;
			buildSettings = {
				ALWAYS_EMBED_SWIFT_STANDARD_LIBRARIES = YES;
				BUNDLE_LOADER = "$(TEST_HOST)";
				CODE_SIGN_STYLE = Automatic;
				CURRENT_PROJECT_VERSION = 1;
				DEVELOPMENT_TEAM = P7FYQ2HW53;
				GENERATE_INFOPLIST_FILE = YES;
				IPHONEOS_DEPLOYMENT_TARGET = 16.2;
				MARKETING_VERSION = 1.0;
				PRODUCT_BUNDLE_IDENTIFIER = com.Richard.CardWorkoutTests;
				PRODUCT_NAME = "$(TARGET_NAME)";
				SWIFT_EMIT_LOC_STRINGS = NO;
				SWIFT_VERSION = 5.0;
				TARGETED_DEVICE_FAMILY = "1,2";
				TEST_HOST = "$(BUILT_PRODUCTS_DIR)/CardWorkout.app/$(BUNDLE_EXECUTABLE_FOLDER_PATH)/CardWorkout";
			};
			name = Debug;
		};
		555A4E61295BCDA800206734 /* Release */ = {
			isa = XCBuildConfiguration;
			buildSettings = {
				ALWAYS_EMBED_SWIFT_STANDARD_LIBRARIES = YES;
				BUNDLE_LOADER = "$(TEST_HOST)";
				CODE_SIGN_STYLE = Automatic;
				CURRENT_PROJECT_VERSION = 1;
				DEVELOPMENT_TEAM = P7FYQ2HW53;
				GENERATE_INFOPLIST_FILE = YES;
				IPHONEOS_DEPLOYMENT_TARGET = 16.2;
				MARKETING_VERSION = 1.0;
				PRODUCT_BUNDLE_IDENTIFIER = com.Richard.CardWorkoutTests;
				PRODUCT_NAME = "$(TARGET_NAME)";
				SWIFT_EMIT_LOC_STRINGS = NO;
				SWIFT_VERSION = 5.0;
				TARGETED_DEVICE_FAMILY = "1,2";
				TEST_HOST = "$(BUILT_PRODUCTS_DIR)/CardWorkout.app/$(BUNDLE_EXECUTABLE_FOLDER_PATH)/CardWorkout";
			};
			name = Release;
		};
		555A4E63295BCDA800206734 /* Debug */ = {
			isa = XCBuildConfiguration;
			buildSettings = {
				ALWAYS_EMBED_SWIFT_STANDARD_LIBRARIES = YES;
				CODE_SIGN_STYLE = Automatic;
				CURRENT_PROJECT_VERSION = 1;
				DEVELOPMENT_TEAM = P7FYQ2HW53;
				GENERATE_INFOPLIST_FILE = YES;
				MARKETING_VERSION = 1.0;
				PRODUCT_BUNDLE_IDENTIFIER = com.Richard.CardWorkoutUITests;
				PRODUCT_NAME = "$(TARGET_NAME)";
				SWIFT_EMIT_LOC_STRINGS = NO;
				SWIFT_VERSION = 5.0;
				TARGETED_DEVICE_FAMILY = "1,2";
				TEST_TARGET_NAME = CardWorkout;
			};
			name = Debug;
		};
		555A4E64295BCDA800206734 /* Release */ = {
			isa = XCBuildConfiguration;
			buildSettings = {
				ALWAYS_EMBED_SWIFT_STANDARD_LIBRARIES = YES;
				CODE_SIGN_STYLE = Automatic;
				CURRENT_PROJECT_VERSION = 1;
				DEVELOPMENT_TEAM = P7FYQ2HW53;
				GENERATE_INFOPLIST_FILE = YES;
				MARKETING_VERSION = 1.0;
				PRODUCT_BUNDLE_IDENTIFIER = com.Richard.CardWorkoutUITests;
				PRODUCT_NAME = "$(TARGET_NAME)";
				SWIFT_EMIT_LOC_STRINGS = NO;
				SWIFT_VERSION = 5.0;
				TARGETED_DEVICE_FAMILY = "1,2";
				TEST_TARGET_NAME = CardWorkout;
			};
			name = Release;
		};
/* End XCBuildConfiguration section */

/* Begin XCConfigurationList section */
		555A4E2D295BCDA600206734 /* Build configuration list for PBXProject "CardWorkout" */ = {
			isa = XCConfigurationList;
			buildConfigurations = (
				555A4E5A295BCDA800206734 /* Debug */,
				555A4E5B295BCDA800206734 /* Release */,
			);
			defaultConfigurationIsVisible = 0;
			defaultConfigurationName = Release;
		};
		555A4E5C295BCDA800206734 /* Build configuration list for PBXNativeTarget "CardWorkout" */ = {
			isa = XCConfigurationList;
			buildConfigurations = (
				555A4E5D295BCDA800206734 /* Debug */,
				555A4E5E295BCDA800206734 /* Release */,
			);
			defaultConfigurationIsVisible = 0;
			defaultConfigurationName = Release;
		};
		555A4E5F295BCDA800206734 /* Build configuration list for PBXNativeTarget "CardWorkoutTests" */ = {
			isa = XCConfigurationList;
			buildConfigurations = (
				555A4E60295BCDA800206734 /* Debug */,
				555A4E61295BCDA800206734 /* Release */,
			);
			defaultConfigurationIsVisible = 0;
			defaultConfigurationName = Release;
		};
		555A4E62295BCDA800206734 /* Build configuration list for PBXNativeTarget "CardWorkoutUITests" */ = {
			isa = XCConfigurationList;
			buildConfigurations = (
				555A4E63295BCDA800206734 /* Debug */,
				555A4E64295BCDA800206734 /* Release */,
			);
			defaultConfigurationIsVisible = 0;
			defaultConfigurationName = Release;
		};
/* End XCConfigurationList section */
	};
	rootObject = 555A4E2A295BCDA600206734 /* Project object */;
}
